{
  "name": "Blockchain",
  "lockfileVersion": 3,
  "requires": true,
  "packages": {
    "": {
      "devDependencies": {
      }
    },
    "node_modules/tailwindscss": {
      "version": "0.3.0",
      "resolved": "https://registry.npmjs.org/tailwindscss/-/tailwindscss-0.3.0.tgz",
      "integrity": "sha512-fv6JSA5tW++MUeZ8SUwBc3pihiHPDdZZrQlwxTr7igvCZZQ5NkK9yXvI7CZsm+KesG//rcq4CEkgA9d+pJwHtg==",
      "dev": true,
      "bin": {
        "tailwindscss": "bin/cli.js"
      }
    }
  }
}
